
Microsoft Visual Studio Solution File, Format Version 12.00
Project("{FAE04EC0-301F-11D3-BF4B-00C04F79EFBC}") = "NZWalks.API", "NZWalks.API\NZWalks.API.csproj", "{9369A539-4884-4B4E-970B-23F4CF1F52E6}"
EndProject
Global
	GlobalSection(SolutionConfigurationPlatforms) = preSolution
		Debug|Any CPU = Debug|Any CPU
		Release|Any CPU = Release|Any CPU
	EndGlobalSection
	GlobalSection(ProjectConfigurationPlatforms) = postSolution
		{9369A539-4884-4B4E-970B-23F4CF1F52E6}.Debug|Any CPU.ActiveCfg = Debug|Any CPU
		{9369A539-4884-4B4E-970B-23F4CF1F52E6}.Debug|Any CPU.Build.0 = Debug|Any CPU
		{9369A539-4884-4B4E-970B-23F4CF1F52E6}.Release|Any CPU.ActiveCfg = Release|Any CPU
		{9369A539-4884-4B4E-970B-23F4CF1F52E6}.Release|Any CPU.Build.0 = Release|Any CPU
	EndGlobalSection
EndGlobal
